PODS:
  - FBSnapshotTestCase (2.1.4):
    - FBSnapshotTestCase/SwiftSupport (= 2.1.4)
  - FBSnapshotTestCase/Core (2.1.4)
  - FBSnapshotTestCase/SwiftSupport (2.1.4):
    - FBSnapshotTestCase/Core
  - SFCircleProgressView (0.1.2)

DEPENDENCIES:
  - FBSnapshotTestCase (~> 2.1.4)
  - SFCircleProgressView (from `../`)

SPEC REPOS:
  trunk:
    - FBSnapshotTestCase

EXTERNAL SOURCES:
  SFCircleProgressView:
    :path: "../"

SPEC CHECKSUMS:
  FBSnapshotTestCase: 094f9f314decbabe373b87cc339bea235a63e07a
  SFCircleProgressView: 5578cd33d471868bd3b16b80022dd66e613d6ce1

PODFILE CHECKSUM: 66a1221e50047472459faf9bccb30b3e8b412902

COCOAPODS: 1.13.0
